lockfileVersion: '9.0'

settings:
  autoInstallPeers: true
  excludeLinksFromLockfile: false

importers:

  .:
    dependencies:
      '@sapphire/snowflake':
        specifier: ^3.5.5
        version: 3.5.5
      change-case:
        specifier: ^5.4.4
        version: 5.4.4
      dayjs:
        specifier: ^1.11.19
        version: 1.11.19
      fuzzysort:
        specifier: ^3.1.0
        version: 3.1.0
      multibyte:
        specifier: ^1.0.5
        version: 1.0.5
      nanoid:
        specifier: ^5.1.6
        version: 5.1.6
      parse-duration:
        specifier: ^2.1.8
        version: 2.1.8
      seyfert:
        specifier: ^5.0.0
        version: 5.0.0
    devDependencies:
      '@types/node':
        specifier: ^25.0.8
        version: 25.0.8
      typescript:
        specifier: ^5.9.3
        version: 5.9.3

packages:

  '@sapphire/snowflake@3.5.5':
    resolution: {integrity: sha512-xzvBr1Q1c4lCe7i6sRnrofxeO1QTP/LKQ6A6qy0iB4x5yfiSfARMEQEghojzTNALDTcv8En04qYNIco9/K9eZQ==}
    engines: {node: '>=v14.0.0', npm: '>=7.0.0'}

  '@types/node@25.0.8':
    resolution: {integrity: sha512-powIePYMmC3ibL0UJ2i2s0WIbq6cg6UyVFQxSCpaPxxzAaziRfimGivjdF943sSGV6RADVbk0Nvlm5P/FB44Zg==}

  change-case@5.4.4:
    resolution: {integrity: sha512-HRQyTk2/YPEkt9TnUPbOpr64Uw3KOicFWPVBb+xiHvd6eBx/qPr9xqfBFDT8P2vWsvvz4jbEkfDe71W3VyNu2w==}

  dayjs@1.11.19:
    resolution: {integrity: sha512-t5EcLVS6QPBNqM2z8fakk/NKel+Xzshgt8FFKAn+qwlD1pzZWxh0nVCrvFK7ZDb6XucZeF9z8C7CBWTRIVApAw==}

  fuzzysort@3.1.0:
    resolution: {integrity: sha512-sR9BNCjBg6LNgwvxlBd0sBABvQitkLzoVY9MYYROQVX/FvfJ4Mai9LsGhDgd8qYdds0bY77VzYd5iuB+v5rwQQ==}

  multibyte@1.0.5:
    resolution: {integrity: sha512-n0++pA7D8190Ewo96OzAmGNDDcq4ONJJT008420Ng+GP+ejYwucOtk+WI5mMyZGHoEqMFKET8AHJwztLmMyDvQ==}

  nanoid@5.1.6:
    resolution: {integrity: sha512-c7+7RQ+dMB5dPwwCp4ee1/iV/q2P6aK1mTZcfr1BTuVlyW9hJYiMPybJCcnBlQtuSmTIWNeazm/zqNoZSSElBg==}
    engines: {node: ^18 || >=20}
    hasBin: true

  parse-duration@2.1.8:
    resolution: {integrity: sha512-hM72vQ2w/HebbXx2pyUaR+EBjbkPx3Xi2aWAF9SNvJnRbP0p46KLcI8WP/z5ZruCUsJr0L2HWexVtB3PlBf/LA==}

  seyfert@5.0.0:
    resolution: {integrity: sha512-73tb7/RiToy7+IO1in84zzn736XMXtf2Td0I26bSL2+09wcyEdZG1J4vj5M6twesMACFqv498ELImx6CpddCCQ==}

  typescript@5.9.3:
    resolution: {integrity: sha512-jl1vZzPDinLr9eUt3J/t7V6FgNEw9QjvBPdysz9KfQDD41fQrC2Y4vKQdiaUpFT4bXlb1RHhLpp8wtm6M5TgSw==}
    engines: {node: '>=14.17'}
    hasBin: true

  undici-types@7.16.0:
    resolution: {integrity: sha512-Zz+aZWSj8LE6zoxD+xrjh4VfkIG8Ya6LvYkZqtUQGJPZjYl53ypCaUwWqo7eI0x66KBGeRo+mlBEkMSeSZ38Nw==}

snapshots:

  '@sapphire/snowflake@3.5.5': {}

  '@types/node@25.0.8':
    dependencies:
      undici-types: 7.16.0

  change-case@5.4.4: {}

  dayjs@1.11.19: {}

  fuzzysort@3.1.0: {}

  multibyte@1.0.5: {}

  nanoid@5.1.6: {}

  parse-duration@2.1.8: {}

  seyfert@5.0.0: {}

  typescript@5.9.3: {}

  undici-types@7.16.0: {}
